
Microsoft Visual Studio Solution File, Format Version 12.00
# Visual Studio Version 17
VisualStudioVersion = 17.3.32929.385
MinimumVisualStudioVersion = 10.0.40219.1
Project("{FAE04EC0-301F-11D3-BF4B-00C04F79EFBC}") = "BookLib", "BookLib.csproj", "{1612F025-E117-4DC8-90DC-C5C88F15B466}"
EndProject
Project("{FAE04EC0-301F-11D3-BF4B-00C04F79EFBC}") = "BookLibTests1", "..\BookLibTests1\BookLibTests1.csproj", "{B69C9696-63B9-4B25-A236-B539B57A2E71}"
EndProject
Global
	GlobalSection(SolutionConfigurationPlatforms) = preSolution
		Debug|Any CPU = Debug|Any CPU
		Release|Any CPU = Release|Any CPU
	EndGlobalSection
	GlobalSection(ProjectConfigurationPlatforms) = postSolution
		{1612F025-E117-4DC8-90DC-C5C88F15B466}.Debug|Any CPU.ActiveCfg = Debug|Any CPU
		{1612F025-E117-4DC8-90DC-C5C88F15B466}.Debug|Any CPU.Build.0 = Debug|Any CPU
		{1612F025-E117-4DC8-90DC-C5C88F15B466}.Release|Any CPU.ActiveCfg = Release|Any CPU
		{1612F025-E117-4DC8-90DC-C5C88F15B466}.Release|Any CPU.Build.0 = Release|Any CPU
		{B69C9696-63B9-4B25-A236-B539B57A2E71}.Debug|Any CPU.ActiveCfg = Debug|Any CPU
		{B69C9696-63B9-4B25-A236-B539B57A2E71}.Debug|Any CPU.Build.0 = Debug|Any CPU
		{B69C9696-63B9-4B25-A236-B539B57A2E71}.Release|Any CPU.ActiveCfg = Release|Any CPU
		{B69C9696-63B9-4B25-A236-B539B57A2E71}.Release|Any CPU.Build.0 = Release|Any CPU
	EndGlobalSection
	GlobalSection(SolutionProperties) = preSolution
		HideSolutionNode = FALSE
	EndGlobalSection
	GlobalSection(ExtensibilityGlobals) = postSolution
		SolutionGuid = {37B62E21-7F37-41F0-BCA0-AA4B98E0D0F4}
	EndGlobalSection
EndGlobal
